
Microsoft Visual Studio Solution File, Format Version 12.00
# Visual Studio Version 16
VisualStudioVersion = 16.0.31729.503
MinimumVisualStudioVersion = 10.0.40219.1
Project("{FAE04EC0-301F-11D3-BF4B-00C04F79EFBC}") = "VoteCounting", "VoteCounting\VoteCounting.csproj", "{2901657E-FD34-4913-8493-7D9CCEE7CF67}"
EndProject
Global
	GlobalSection(SolutionConfigurationPlatforms) = preSolution
		Debug|Any CPU = Debug|Any CPU
		Release|Any CPU = Release|Any CPU
	EndGlobalSection
	GlobalSection(ProjectConfigurationPlatforms) = postSolution
		{2901657E-FD34-4913-8493-7D9CCEE7CF67}.Debug|Any CPU.ActiveCfg = Debug|Any CPU
		{2901657E-FD34-4913-8493-7D9CCEE7CF67}.Debug|Any CPU.Build.0 = Debug|Any CPU
		{2901657E-FD34-4913-8493-7D9CCEE7CF67}.Release|Any CPU.ActiveCfg = Release|Any CPU
		{2901657E-FD34-4913-8493-7D9CCEE7CF67}.Release|Any CPU.Build.0 = Release|Any CPU
	EndGlobalSection
	GlobalSection(SolutionProperties) = preSolution
		HideSolutionNode = FALSE
	EndGlobalSection
	GlobalSection(ExtensibilityGlobals) = postSolution
		SolutionGuid = {AE96ED4C-5FFD-4343-9DCA-CA257AD020CC}
	EndGlobalSection
EndGlobal
